
Microsoft Visual Studio Solution File, Format Version 12.00
# Visual Studio Version 17
VisualStudioVersion = 17.9.34701.34
MinimumVisualStudioVersion = 10.0.40219.1
Project("{FAE04EC0-301F-11D3-BF4B-00C04F79EFBC}") = "COMP003B.Assignment5", "COMP003B.Assignment5\COMP003B.Assignment5.csproj", "{7BF38BE0-9F56-40EB-960F-E1355675ECBE}"
EndProject
Global
	GlobalSection(SolutionConfigurationPlatforms) = preSolution
		Debug|Any CPU = Debug|Any CPU
		Release|Any CPU = Release|Any CPU
	EndGlobalSection
	GlobalSection(ProjectConfigurationPlatforms) = postSolution
		{7BF38BE0-9F56-40EB-960F-E1355675ECBE}.Debug|Any CPU.ActiveCfg = Debug|Any CPU
		{7BF38BE0-9F56-40EB-960F-E1355675ECBE}.Debug|Any CPU.Build.0 = Debug|Any CPU
		{7BF38BE0-9F56-40EB-960F-E1355675ECBE}.Release|Any CPU.ActiveCfg = Release|Any CPU
		{7BF38BE0-9F56-40EB-960F-E1355675ECBE}.Release|Any CPU.Build.0 = Release|Any CPU
	EndGlobalSection
	GlobalSection(SolutionProperties) = preSolution
		HideSolutionNode = FALSE
	EndGlobalSection
	GlobalSection(ExtensibilityGlobals) = postSolution
		SolutionGuid = {5DC935F4-5A3D-4320-B5D2-82375268483E}
	EndGlobalSection
EndGlobal
